Microsoft Visual Studio Solution File, Format Version 12.00
# Visual Studio Version 17
VisualStudioVersion = 17.2.32602.215
MinimumVisualStudioVersion = 10.0.40219.1
Project("{2150E333-8FDC-42A3-9474-1A3956D46DE8}") = "Src", "Src", "{62574FEE-DD8A-4D32-BF8C-AC159E6C4FEA}"
EndProject
Project("{FAE04EC0-301F-11D3-BF4B-00C04F79EFBC}") = "Vocore", "Src\Vocore\Vocore.csproj", "{7A5CCEE4-8701-49FC-B5C8-9F294C0509CF}"
EndProject
Project("{FAE04EC0-301F-11D3-BF4B-00C04F79EFBC}") = "Vocore.Engine", "Src\Vocore.Engine\Vocore.Engine.csproj", "{8510928A-68B0-4136-B2A6-E26E8132A6FA}"
EndProject
Project("{2150E333-8FDC-42A3-9474-1A3956D46DE8}") = "Test", "Test", "{7138C944-57FD-479A-89D2-2FA3B79A5D7C}"
EndProject
Project("{FAE04EC0-301F-11D3-BF4B-00C04F79EFBC}") = "Vocore.Test", "Test\Vocore.Test\Vocore.Test.csproj", "{46DE48F6-1C2C-4DF6-99CE-7E4CAFDB34BE}"
EndProject
Project("{FAE04EC0-301F-11D3-BF4B-00C04F79EFBC}") = "Vocore.Engine.Test", "Test\Vocore.Engine.Test\Vocore.Engine.Test.csproj", "{3752AD99-01C6-4E6C-8E21-DBBAEB867BC7}"
EndProject
Project("{2150E333-8FDC-42A3-9474-1A3956D46DE8}") = "Sandbox", "Sandbox", "{1850B371-E822-4CC7-861B-4CF1DF644F33}"
EndProject
Project("{FAE04EC0-301F-11D3-BF4B-00C04F79EFBC}") = "BasicWindow", "Sandbox\BasicWindow\BasicWindow.csproj", "{173197AB-3569-4576-9B60-A3000CB620C8}"
EndProject
Project("{FAE04EC0-301F-11D3-BF4B-00C04F79EFBC}") = "RenderCube", "Sandbox\RenderCube\RenderCube.csproj", "{850E2C47-836C-4EDD-B15D-2CC70F6E8858}"
EndProject
Global
	GlobalSection(SolutionConfigurationPlatforms) = preSolution
		Debug|Any CPU = Debug|Any CPU
		Release|Any CPU = Release|Any CPU
	EndGlobalSection
	GlobalSection(ProjectConfigurationPlatforms) = postSolution
		{7A5CCEE4-8701-49FC-B5C8-9F294C0509CF}.Debug|Any CPU.ActiveCfg = Debug|Any CPU
		{7A5CCEE4-8701-49FC-B5C8-9F294C0509CF}.Debug|Any CPU.Build.0 = Debug|Any CPU
		{7A5CCEE4-8701-49FC-B5C8-9F294C0509CF}.Release|Any CPU.ActiveCfg = Release|Any CPU
		{7A5CCEE4-8701-49FC-B5C8-9F294C0509CF}.Release|Any CPU.Build.0 = Release|Any CPU
		{8510928A-68B0-4136-B2A6-E26E8132A6FA}.Debug|Any CPU.ActiveCfg = Debug|Any CPU
		{8510928A-68B0-4136-B2A6-E26E8132A6FA}.Debug|Any CPU.Build.0 = Debug|Any CPU
		{8510928A-68B0-4136-B2A6-E26E8132A6FA}.Release|Any CPU.ActiveCfg = Release|Any CPU
		{8510928A-68B0-4136-B2A6-E26E8132A6FA}.Release|Any CPU.Build.0 = Release|Any CPU
		{46DE48F6-1C2C-4DF6-99CE-7E4CAFDB34BE}.Debug|Any CPU.ActiveCfg = Debug|Any CPU
		{46DE48F6-1C2C-4DF6-99CE-7E4CAFDB34BE}.Debug|Any CPU.Build.0 = Debug|Any CPU
		{46DE48F6-1C2C-4DF6-99CE-7E4CAFDB34BE}.Release|Any CPU.ActiveCfg = Release|Any CPU
		{46DE48F6-1C2C-4DF6-99CE-7E4CAFDB34BE}.Release|Any CPU.Build.0 = Release|Any CPU
		{3752AD99-01C6-4E6C-8E21-DBBAEB867BC7}.Debug|Any CPU.ActiveCfg = Debug|Any CPU
		{3752AD99-01C6-4E6C-8E21-DBBAEB867BC7}.Debug|Any CPU.Build.0 = Debug|Any CPU
		{3752AD99-01C6-4E6C-8E21-DBBAEB867BC7}.Release|Any CPU.ActiveCfg = Release|Any CPU
		{3752AD99-01C6-4E6C-8E21-DBBAEB867BC7}.Release|Any CPU.Build.0 = Release|Any CPU
		{173197AB-3569-4576-9B60-A3000CB620C8}.Debug|Any CPU.ActiveCfg = Debug|Any CPU
		{173197AB-3569-4576-9B60-A3000CB620C8}.Debug|Any CPU.Build.0 = Debug|Any CPU
		{173197AB-3569-4576-9B60-A3000CB620C8}.Release|Any CPU.ActiveCfg = Release|Any CPU
		{173197AB-3569-4576-9B60-A3000CB620C8}.Release|Any CPU.Build.0 = Release|Any CPU
		{850E2C47-836C-4EDD-B15D-2CC70F6E8858}.Debug|Any CPU.ActiveCfg = Debug|Any CPU
		{850E2C47-836C-4EDD-B15D-2CC70F6E8858}.Debug|Any CPU.Build.0 = Debug|Any CPU
		{850E2C47-836C-4EDD-B15D-2CC70F6E8858}.Release|Any CPU.ActiveCfg = Release|Any CPU
		{850E2C47-836C-4EDD-B15D-2CC70F6E8858}.Release|Any CPU.Build.0 = Release|Any CPU
	EndGlobalSection
	GlobalSection(SolutionProperties) = preSolution
		HideSolutionNode = FALSE
	EndGlobalSection
	GlobalSection(ExtensibilityGlobals) = postSolution
		SolutionGuid = {E325C963-E46F-4BB6-9A6D-6DF0D8EE048F}
	EndGlobalSection
	GlobalSection(NestedProjects) = preSolution
		{7138C944-57FD-479A-89D2-2FA3B79A5D7C} = {7138C944-57FD-479A-89D2-2FA3B79A5D7C}
		{7A5CCEE4-8701-49FC-B5C8-9F294C0509CF} = {62574FEE-DD8A-4D32-BF8C-AC159E6C4FEA}
		{8510928A-68B0-4136-B2A6-E26E8132A6FA} = {62574FEE-DD8A-4D32-BF8C-AC159E6C4FEA}
		{46DE48F6-1C2C-4DF6-99CE-7E4CAFDB34BE} = {7138C944-57FD-479A-89D2-2FA3B79A5D7C}
		{3752AD99-01C6-4E6C-8E21-DBBAEB867BC7} = {7138C944-57FD-479A-89D2-2FA3B79A5D7C}
		{173197AB-3569-4576-9B60-A3000CB620C8} = {1850B371-E822-4CC7-861B-4CF1DF644F33}
		{850E2C47-836C-4EDD-B15D-2CC70F6E8858} = {1850B371-E822-4CC7-861B-4CF1DF644F33}
	EndGlobalSection
EndGlobal
