
Microsoft Visual Studio Solution File, Format Version 12.00
# Visual Studio Version 17
VisualStudioVersion = 17.0.31903.59
MinimumVisualStudioVersion = 10.0.40219.1
Project("{2150E333-8FDC-42A3-9474-1A3956D46DE8}") = "Src", "Src", "{BA6BD8CD-4F1E-4A49-A7A4-C18048547F27}"
EndProject
Project("{FAE04EC0-301F-11D3-BF4B-00C04F79EFBC}") = "Vocore", "Src\Vocore\Vocore.csproj", "{6BCAF8C5-32D9-4147-9EE2-29F1D1ECD46F}"
EndProject
Project("{FAE04EC0-301F-11D3-BF4B-00C04F79EFBC}") = "Vocore.Engine", "Src\Vocore.Engine\Vocore.Engine.csproj", "{A84FEF8E-1CCD-49CD-A3E5-FE7A038D04A4}"
EndProject
Project("{2150E333-8FDC-42A3-9474-1A3956D46DE8}") = "Test", "Test", "{13EA6E4E-2EBB-42E5-9211-2AAC68B87B6E}"
EndProject
Project("{FAE04EC0-301F-11D3-BF4B-00C04F79EFBC}") = "Vocore.Test", "Test\Vocore.Test\Vocore.Test.csproj", "{391E632C-2B6B-4CE1-A8F9-8A4543068A1E}"
EndProject
Project("{FAE04EC0-301F-11D3-BF4B-00C04F79EFBC}") = "Vocore.Engine.Test", "Test\Vocore.Engine.Test\Vocore.Engine.Test.csproj", "{7D74829C-638B-4448-9E6D-51D969CC05F7}"
EndProject
Project("{2150E333-8FDC-42A3-9474-1A3956D46DE8}") = "Sandbox", "Sandbox", "{835F5953-D57E-4AB8-B9A7-0AB407DB034C}"
EndProject
Project("{FAE04EC0-301F-11D3-BF4B-00C04F79EFBC}") = "BasicWindow", "Sandbox\BasicWindow\BasicWindow.csproj", "{98E12631-BB4A-481D-B8DE-C0B51C7E6918}"
EndProject
Project("{FAE04EC0-301F-11D3-BF4B-00C04F79EFBC}") = "RenderCube", "Sandbox\RenderCube\RenderCube.csproj", "{9788A151-B3D3-4C67-873B-F23F5868E3EE}"
EndProject
Project("{FAE04EC0-301F-11D3-BF4B-00C04F79EFBC}") = "RayCast", "Sandbox\RayCast\RayCast.csproj", "{C4420699-59B1-4E0E-B446-1CBD0DCFD6A0}"
EndProject
Global
	GlobalSection(SolutionConfigurationPlatforms) = preSolution
		Debug|Any CPU = Debug|Any CPU
		Release|Any CPU = Release|Any CPU
	EndGlobalSection
	GlobalSection(SolutionProperties) = preSolution
		HideSolutionNode = FALSE
	EndGlobalSection
	GlobalSection(ProjectConfigurationPlatforms) = postSolution
		{6BCAF8C5-32D9-4147-9EE2-29F1D1ECD46F}.Debug|Any CPU.ActiveCfg = Debug|Any CPU
		{6BCAF8C5-32D9-4147-9EE2-29F1D1ECD46F}.Debug|Any CPU.Build.0 = Debug|Any CPU
		{6BCAF8C5-32D9-4147-9EE2-29F1D1ECD46F}.Release|Any CPU.ActiveCfg = Release|Any CPU
		{6BCAF8C5-32D9-4147-9EE2-29F1D1ECD46F}.Release|Any CPU.Build.0 = Release|Any CPU
		{A84FEF8E-1CCD-49CD-A3E5-FE7A038D04A4}.Debug|Any CPU.ActiveCfg = Debug|Any CPU
		{A84FEF8E-1CCD-49CD-A3E5-FE7A038D04A4}.Debug|Any CPU.Build.0 = Debug|Any CPU
		{A84FEF8E-1CCD-49CD-A3E5-FE7A038D04A4}.Release|Any CPU.ActiveCfg = Release|Any CPU
		{A84FEF8E-1CCD-49CD-A3E5-FE7A038D04A4}.Release|Any CPU.Build.0 = Release|Any CPU
		{391E632C-2B6B-4CE1-A8F9-8A4543068A1E}.Debug|Any CPU.ActiveCfg = Debug|Any CPU
		{391E632C-2B6B-4CE1-A8F9-8A4543068A1E}.Debug|Any CPU.Build.0 = Debug|Any CPU
		{391E632C-2B6B-4CE1-A8F9-8A4543068A1E}.Release|Any CPU.ActiveCfg = Release|Any CPU
		{391E632C-2B6B-4CE1-A8F9-8A4543068A1E}.Release|Any CPU.Build.0 = Release|Any CPU
		{7D74829C-638B-4448-9E6D-51D969CC05F7}.Debug|Any CPU.ActiveCfg = Debug|Any CPU
		{7D74829C-638B-4448-9E6D-51D969CC05F7}.Debug|Any CPU.Build.0 = Debug|Any CPU
		{7D74829C-638B-4448-9E6D-51D969CC05F7}.Release|Any CPU.ActiveCfg = Release|Any CPU
		{7D74829C-638B-4448-9E6D-51D969CC05F7}.Release|Any CPU.Build.0 = Release|Any CPU
		{98E12631-BB4A-481D-B8DE-C0B51C7E6918}.Debug|Any CPU.ActiveCfg = Debug|Any CPU
		{98E12631-BB4A-481D-B8DE-C0B51C7E6918}.Debug|Any CPU.Build.0 = Debug|Any CPU
		{98E12631-BB4A-481D-B8DE-C0B51C7E6918}.Release|Any CPU.ActiveCfg = Release|Any CPU
		{98E12631-BB4A-481D-B8DE-C0B51C7E6918}.Release|Any CPU.Build.0 = Release|Any CPU
		{9788A151-B3D3-4C67-873B-F23F5868E3EE}.Debug|Any CPU.ActiveCfg = Debug|Any CPU
		{9788A151-B3D3-4C67-873B-F23F5868E3EE}.Debug|Any CPU.Build.0 = Debug|Any CPU
		{9788A151-B3D3-4C67-873B-F23F5868E3EE}.Release|Any CPU.ActiveCfg = Release|Any CPU
		{9788A151-B3D3-4C67-873B-F23F5868E3EE}.Release|Any CPU.Build.0 = Release|Any CPU
		{C4420699-59B1-4E0E-B446-1CBD0DCFD6A0}.Debug|Any CPU.ActiveCfg = Debug|Any CPU
		{C4420699-59B1-4E0E-B446-1CBD0DCFD6A0}.Debug|Any CPU.Build.0 = Debug|Any CPU
		{C4420699-59B1-4E0E-B446-1CBD0DCFD6A0}.Release|Any CPU.ActiveCfg = Release|Any CPU
		{C4420699-59B1-4E0E-B446-1CBD0DCFD6A0}.Release|Any CPU.Build.0 = Release|Any CPU
	EndGlobalSection
	GlobalSection(NestedProjects) = preSolution
		{6BCAF8C5-32D9-4147-9EE2-29F1D1ECD46F} = {BA6BD8CD-4F1E-4A49-A7A4-C18048547F27}
		{A84FEF8E-1CCD-49CD-A3E5-FE7A038D04A4} = {BA6BD8CD-4F1E-4A49-A7A4-C18048547F27}
		{391E632C-2B6B-4CE1-A8F9-8A4543068A1E} = {13EA6E4E-2EBB-42E5-9211-2AAC68B87B6E}
		{7D74829C-638B-4448-9E6D-51D969CC05F7} = {13EA6E4E-2EBB-42E5-9211-2AAC68B87B6E}
		{98E12631-BB4A-481D-B8DE-C0B51C7E6918} = {835F5953-D57E-4AB8-B9A7-0AB407DB034C}
		{9788A151-B3D3-4C67-873B-F23F5868E3EE} = {835F5953-D57E-4AB8-B9A7-0AB407DB034C}
		{C4420699-59B1-4E0E-B446-1CBD0DCFD6A0} = {835F5953-D57E-4AB8-B9A7-0AB407DB034C}
	EndGlobalSection
EndGlobal
