
Microsoft Visual Studio Solution File, Format Version 12.00
# Visual Studio Version 17
VisualStudioVersion = 17.5.002.0
MinimumVisualStudioVersion = 10.0.40219.1
Project("{9A19103F-16F7-4668-BE54-9A1E7A4F7556}") = "Vocore.IO", "Vocore.IO.csproj", "{17C2C203-B3DD-494B-BAEB-F4DA96079C5A}"
EndProject
Global
	GlobalSection(SolutionConfigurationPlatforms) = preSolution
		Debug|Any CPU = Debug|Any CPU
		Release|Any CPU = Release|Any CPU
	EndGlobalSection
	GlobalSection(ProjectConfigurationPlatforms) = postSolution
		{17C2C203-B3DD-494B-BAEB-F4DA96079C5A}.Debug|Any CPU.ActiveCfg = Debug|Any CPU
		{17C2C203-B3DD-494B-BAEB-F4DA96079C5A}.Debug|Any CPU.Build.0 = Debug|Any CPU
		{17C2C203-B3DD-494B-BAEB-F4DA96079C5A}.Release|Any CPU.ActiveCfg = Release|Any CPU
		{17C2C203-B3DD-494B-BAEB-F4DA96079C5A}.Release|Any CPU.Build.0 = Release|Any CPU
	EndGlobalSection
	GlobalSection(SolutionProperties) = preSolution
		HideSolutionNode = FALSE
	EndGlobalSection
	GlobalSection(ExtensibilityGlobals) = postSolution
		SolutionGuid = {36C89026-9D46-40D1-AD9F-64A6CF64A2F6}
	EndGlobalSection
EndGlobal
